PODS:
  - ScrollEventListener (0.1.0)

DEPENDENCIES:
  - ScrollEventListener (from `../`)

EXTERNAL SOURCES:
  ScrollEventListener:
    :path: "../"

SPEC CHECKSUMS:
  ScrollEventListener: 6416f031f9e13774cce7c6691394225a36895705

PODFILE CHECKSUM: a2f4e2482eb9732fcdc16b33e8757c28baf0636a

COCOAPODS: 1.11.2
